<?xml version="1.0" encoding="utf-8"?>
<Project ToolsVersion="4.0" xmlns="http://schemas.microsoft.com/developer/msbuild/2003">
  <ItemGroup>
    <Filter Include="Source Files">
      <UniqueIdentifier>{4FC737F1-C7A5-4376-A066-2A32D752A2FF}</UniqueIdentifier>
      <Extensions>cpp;c;cc;cxx;def;odl;idl;hpj;bat;asm;asmx</Extensions>
    </Filter>
    <Filter Include="Header Files">
      <UniqueIdentifier>{93995380-89BD-4b04-88EB-625FBE52EBFB}</UniqueIdentifier>
      <Extensions>h;hh;hpp;hxx;hm;inl;inc;ipp;xsd</Extensions>
    </Filter>
    <Filter Include="Resource Files">
      <UniqueIdentifier>{67DA6AB6-F800-4c08-8B7A-83BB121AAD01}</UniqueIdentifier>
      <Extensions>rc;ico;cur;bmp;dlg;rc2;rct;bin;rgs;gif;jpg;jpeg;jpe;resx;tiff;tif;png;wav;mfcribbon-ms</Extensions>
    </Filter>
    <Filter Include="Header Files\StateManager">
      <UniqueIdentifier>{219aad32-ac63-4d98-bc8a-d72a402e3fa2}</UniqueIdentifier>
    </Filter>
    <Filter Include="Header Files\EventManager">
      <UniqueIdentifier>{2454455c-07b0-4dc1-af34-028fb331c3bf}</UniqueIdentifier>
    </Filter>
    <Filter Include="Header Files\StateManager\States">
      <UniqueIdentifier>{03bc3b9c-e109-416f-b289-cc039d48e00b}</UniqueIdentifier>
    </Filter>
    <Filter Include="Header Files\ResourceManager">
      <UniqueIdentifier>{fcb257a5-1289-4b8d-8ed8-720c2dd53dba}</UniqueIdentifier>
    </Filter>
  </ItemGroup>
  <ItemGroup>
    <ClCompile Include="SFMLTutorial.cpp">
      <Filter>Source Files</Filter>
    </ClCompile>
    <ClCompile Include="pch.cpp">
      <Filter>Source Files</Filter>
    </ClCompile>
    <ClCompile Include="StateIntro.cpp">
      <Filter>Source Files</Filter>
    </ClCompile>
    <ClCompile Include="StateMainMenu.cpp">
      <Filter>Source Files</Filter>
    </ClCompile>
    <ClCompile Include="StateGame.cpp">
      <Filter>Source Files</Filter>
    </ClCompile>
    <ClCompile Include="StatePaused.cpp">
      <Filter>Source Files</Filter>
    </ClCompile>
  </ItemGroup>
  <ItemGroup>
    <ClInclude Include="Program.h">
      <Filter>Header Files</Filter>
    </ClInclude>
    <ClInclude Include="Mushroom.h">
      <Filter>Header Files</Filter>
    </ClInclude>
    <ClInclude Include="Shapes.h">
      <Filter>Header Files</Filter>
    </ClInclude>
    <ClInclude Include="pch.h">
      <Filter>Header Files</Filter>
    </ClInclude>
    <ClInclude Include="Window.h">
      <Filter>Header Files</Filter>
    </ClInclude>
    <ClInclude Include="Game.h">
      <Filter>Header Files</Filter>
    </ClInclude>
    <ClInclude Include="Snake.h">
      <Filter>Header Files</Filter>
    </ClInclude>
    <ClInclude Include="Apple.h">
      <Filter>Header Files</Filter>
    </ClInclude>
    <ClInclude Include="World.h">
      <Filter>Header Files</Filter>
    </ClInclude>
    <ClInclude Include="Bound.h">
      <Filter>Header Files</Filter>
    </ClInclude>
    <ClInclude Include="Textbox.h">
      <Filter>Header Files</Filter>
    </ClInclude>
    <ClInclude Include="SharedContext.h">
      <Filter>Header Files</Filter>
    </ClInclude>
    <ClInclude Include="EventManager.h">
      <Filter>Header Files\EventManager</Filter>
    </ClInclude>
    <ClInclude Include="StateManager.h">
      <Filter>Header Files\StateManager</Filter>
    </ClInclude>
    <ClInclude Include="StateIntro.h">
      <Filter>Header Files\StateManager\States</Filter>
    </ClInclude>
    <ClInclude Include="BaseState.h">
      <Filter>Header Files\StateManager</Filter>
    </ClInclude>
    <ClInclude Include="StateMainMenu.h">
      <Filter>Header Files\StateManager\States</Filter>
    </ClInclude>
    <ClInclude Include="StateGame.h">
      <Filter>Header Files\StateManager\States</Filter>
    </ClInclude>
    <ClInclude Include="StatePaused.h">
      <Filter>Header Files\StateManager\States</Filter>
    </ClInclude>
    <ClInclude Include="Utilities.h">
      <Filter>Header Files</Filter>
    </ClInclude>
    <ClInclude Include="ResourceManager.h">
      <Filter>Header Files\ResourceManager</Filter>
    </ClInclude>
    <ClInclude Include="TextureManager.h">
      <Filter>Header Files\ResourceManager</Filter>
    </ClInclude>
  </ItemGroup>
</Project>